{
  "name": "compcraft",
  "lockfileVersion": 2,
  "requires": true,
  "packages": {
    "": {
      "dependencies": {
        "fuzzysort": "^1.2.1"
      }
    },
    "node_modules/fuzzysort": {
      "version": "1.2.1",
      "resolved": "https://registry.npmjs.org/fuzzysort/-/fuzzysort-1.2.1.tgz",
      "integrity": "sha512-egTSF3U6H6T9tXtAhEm5P5guSSDjd96/NUWrbmoGlIu3ATMdXra13gwQdEFRY6ehsFe8xec7UnQz+k34CGWCIg=="
    }
  },
  "dependencies": {
    "fuzzysort": {
      "version": "1.2.1",
      "resolved": "https://registry.npmjs.org/fuzzysort/-/fuzzysort-1.2.1.tgz",
      "integrity": "sha512-egTSF3U6H6T9tXtAhEm5P5guSSDjd96/NUWrbmoGlIu3ATMdXra13gwQdEFRY6ehsFe8xec7UnQz+k34CGWCIg=="
    }
  }
}
